
Microsoft Visual Studio Solution File, Format Version 12.00
# Visual Studio Version 17
VisualStudioVersion = 17.9.34607.119
MinimumVisualStudioVersion = 10.0.40219.1
Project("{FAE04EC0-301F-11D3-BF4B-00C04F79EFBC}") = "AuthenticationWithIdentity", "AuthenticationWithIdentity\AuthenticationWithIdentity.csproj", "{006DAFAE-C4D5-4889-A04F-DFDB5A1BB019}"
EndProject
Global
	GlobalSection(SolutionConfigurationPlatforms) = preSolution
		Debug|Any CPU = Debug|Any CPU
		Release|Any CPU = Release|Any CPU
	EndGlobalSection
	GlobalSection(ProjectConfigurationPlatforms) = postSolution
		{006DAFAE-C4D5-4889-A04F-DFDB5A1BB019}.Debug|Any CPU.ActiveCfg = Debug|Any CPU
		{006DAFAE-C4D5-4889-A04F-DFDB5A1BB019}.Debug|Any CPU.Build.0 = Debug|Any CPU
		{006DAFAE-C4D5-4889-A04F-DFDB5A1BB019}.Release|Any CPU.ActiveCfg = Release|Any CPU
		{006DAFAE-C4D5-4889-A04F-DFDB5A1BB019}.Release|Any CPU.Build.0 = Release|Any CPU
	EndGlobalSection
	GlobalSection(SolutionProperties) = preSolution
		HideSolutionNode = FALSE
	EndGlobalSection
	GlobalSection(ExtensibilityGlobals) = postSolution
		SolutionGuid = {97E8C24A-4C86-4BA8-B8E4-EB13D9260C2A}
	EndGlobalSection
EndGlobal
